
Microsoft Visual Studio Solution File, Format Version 12.00
# Visual Studio Version 17
VisualStudioVersion = 17.3.32825.248
MinimumVisualStudioVersion = 10.0.40219.1
Project("{9A19103F-16F7-4668-BE54-9A1E7A4F7556}") = "EskerAP", "EskerAP\EskerAP.csproj", "{52472E78-DF64-4387-BB33-5BBCF62A9B03}"
EndProject
Project("{2150E333-8FDC-42A3-9474-1A3956D46DE8}") = "Solution Items", "Solution Items", "{9FE7BF6A-B23E-45DE-B406-1B8FE8393E65}"
	ProjectSection(SolutionItems) = preProject
		README.md = README.md
	EndProjectSection
EndProject
Project("{9A19103F-16F7-4668-BE54-9A1E7A4F7556}") = "EskerAP.Domain", "EskerAP.Domain\EskerAP.Domain.csproj", "{45844DAF-B70F-4E9F-81DE-29DF7696E84D}"
EndProject
Project("{9A19103F-16F7-4668-BE54-9A1E7A4F7556}") = "EskerAP.Data", "EskerAP.Data\EskerAP.Data.csproj", "{07962B1A-87FE-40EB-B6B7-618DE7B95BB6}"
EndProject
Project("{9A19103F-16F7-4668-BE54-9A1E7A4F7556}") = "Quickbase.IntegrationTests", "Quickbase.IntegrationTests\Quickbase.IntegrationTests.csproj", "{526C32F7-6AC9-4989-85E5-CCDD1CE10897}"
EndProject
Project("{9A19103F-16F7-4668-BE54-9A1E7A4F7556}") = "Famous.IntegrationTests", "Famous.IntegrationTests\Famous.IntegrationTests.csproj", "{029FAA3B-4670-42F7-BD2B-749CC39F9406}"
EndProject
Project("{9A19103F-16F7-4668-BE54-9A1E7A4F7556}") = "EskerAP.Service", "EskerAP.Service\EskerAP.Service.csproj", "{62D0C31F-2FA6-4A40-9F87-9AEDEBD3432A}"
EndProject
Project("{9A19103F-16F7-4668-BE54-9A1E7A4F7556}") = "EskerAp.UnitTests", "EskerAp.UnitTests\EskerAp.UnitTests.csproj", "{E4EBF991-5968-436A-BBC0-55969AA773B7}"
EndProject
Project("{FAE04EC0-301F-11D3-BF4B-00C04F79EFBC}") = "EskerAP.Infrastructure", "EskerAP.Infrastructure\EskerAP.Infrastructure.csproj", "{7E47C3AB-E62C-4DC7-B575-90F07C41189A}"
EndProject
Global
	GlobalSection(SolutionConfigurationPlatforms) = preSolution
		Debug|Any CPU = Debug|Any CPU
		Release|Any CPU = Release|Any CPU
	EndGlobalSection
	GlobalSection(ProjectConfigurationPlatforms) = postSolution
		{52472E78-DF64-4387-BB33-5BBCF62A9B03}.Debug|Any CPU.ActiveCfg = Debug|Any CPU
		{52472E78-DF64-4387-BB33-5BBCF62A9B03}.Debug|Any CPU.Build.0 = Debug|Any CPU
		{52472E78-DF64-4387-BB33-5BBCF62A9B03}.Release|Any CPU.ActiveCfg = Release|Any CPU
		{52472E78-DF64-4387-BB33-5BBCF62A9B03}.Release|Any CPU.Build.0 = Release|Any CPU
		{45844DAF-B70F-4E9F-81DE-29DF7696E84D}.Debug|Any CPU.ActiveCfg = Debug|Any CPU
		{45844DAF-B70F-4E9F-81DE-29DF7696E84D}.Debug|Any CPU.Build.0 = Debug|Any CPU
		{45844DAF-B70F-4E9F-81DE-29DF7696E84D}.Release|Any CPU.ActiveCfg = Release|Any CPU
		{45844DAF-B70F-4E9F-81DE-29DF7696E84D}.Release|Any CPU.Build.0 = Release|Any CPU
		{07962B1A-87FE-40EB-B6B7-618DE7B95BB6}.Debug|Any CPU.ActiveCfg = Debug|Any CPU
		{07962B1A-87FE-40EB-B6B7-618DE7B95BB6}.Debug|Any CPU.Build.0 = Debug|Any CPU
		{07962B1A-87FE-40EB-B6B7-618DE7B95BB6}.Release|Any CPU.ActiveCfg = Release|Any CPU
		{07962B1A-87FE-40EB-B6B7-618DE7B95BB6}.Release|Any CPU.Build.0 = Release|Any CPU
		{526C32F7-6AC9-4989-85E5-CCDD1CE10897}.Debug|Any CPU.ActiveCfg = Debug|Any CPU
		{526C32F7-6AC9-4989-85E5-CCDD1CE10897}.Debug|Any CPU.Build.0 = Debug|Any CPU
		{526C32F7-6AC9-4989-85E5-CCDD1CE10897}.Release|Any CPU.ActiveCfg = Release|Any CPU
		{526C32F7-6AC9-4989-85E5-CCDD1CE10897}.Release|Any CPU.Build.0 = Release|Any CPU
		{029FAA3B-4670-42F7-BD2B-749CC39F9406}.Debug|Any CPU.ActiveCfg = Debug|Any CPU
		{029FAA3B-4670-42F7-BD2B-749CC39F9406}.Debug|Any CPU.Build.0 = Debug|Any CPU
		{029FAA3B-4670-42F7-BD2B-749CC39F9406}.Release|Any CPU.ActiveCfg = Release|Any CPU
		{029FAA3B-4670-42F7-BD2B-749CC39F9406}.Release|Any CPU.Build.0 = Release|Any CPU
		{62D0C31F-2FA6-4A40-9F87-9AEDEBD3432A}.Debug|Any CPU.ActiveCfg = Debug|Any CPU
		{62D0C31F-2FA6-4A40-9F87-9AEDEBD3432A}.Debug|Any CPU.Build.0 = Debug|Any CPU
		{62D0C31F-2FA6-4A40-9F87-9AEDEBD3432A}.Release|Any CPU.ActiveCfg = Release|Any CPU
		{62D0C31F-2FA6-4A40-9F87-9AEDEBD3432A}.Release|Any CPU.Build.0 = Release|Any CPU
		{E4EBF991-5968-436A-BBC0-55969AA773B7}.Debug|Any CPU.ActiveCfg = Debug|Any CPU
		{E4EBF991-5968-436A-BBC0-55969AA773B7}.Debug|Any CPU.Build.0 = Debug|Any CPU
		{E4EBF991-5968-436A-BBC0-55969AA773B7}.Release|Any CPU.ActiveCfg = Release|Any CPU
		{E4EBF991-5968-436A-BBC0-55969AA773B7}.Release|Any CPU.Build.0 = Release|Any CPU
		{7E47C3AB-E62C-4DC7-B575-90F07C41189A}.Debug|Any CPU.ActiveCfg = Debug|Any CPU
		{7E47C3AB-E62C-4DC7-B575-90F07C41189A}.Debug|Any CPU.Build.0 = Debug|Any CPU
		{7E47C3AB-E62C-4DC7-B575-90F07C41189A}.Release|Any CPU.ActiveCfg = Release|Any CPU
		{7E47C3AB-E62C-4DC7-B575-90F07C41189A}.Release|Any CPU.Build.0 = Release|Any CPU
	EndGlobalSection
	GlobalSection(SolutionProperties) = preSolution
		HideSolutionNode = FALSE
	EndGlobalSection
	GlobalSection(ExtensibilityGlobals) = postSolution
		SolutionGuid = {C0A5A6D7-72F2-4101-ABCF-53B2CF22B2E3}
	EndGlobalSection
EndGlobal
